
Microsoft Visual Studio Solution File, Format Version 12.00
# Visual Studio 16
Project("{FAE04EC0-301F-11D3-BF4B-00C04F79EFBC}") = "Assembly-CSharp", "Assembly-CSharp.csproj", "{10BBCBD7-00ED-C3B3-C09B-75DA06C6E902}"
EndProject
Global
	GlobalSection(SolutionConfigurationPlatforms) = preSolution
		Debug|Any CPU = Debug|Any CPU
		Release|Any CPU = Release|Any CPU
	EndGlobalSection
	GlobalSection(ProjectConfigurationPlatforms) = postSolution
		{10BBCBD7-00ED-C3B3-C09B-75DA06C6E902}.Debug|Any CPU.ActiveCfg = Debug|Any CPU
		{10BBCBD7-00ED-C3B3-C09B-75DA06C6E902}.Debug|Any CPU.Build.0 = Debug|Any CPU
		{10BBCBD7-00ED-C3B3-C09B-75DA06C6E902}.Release|Any CPU.ActiveCfg = Release|Any CPU
		{10BBCBD7-00ED-C3B3-C09B-75DA06C6E902}.Release|Any CPU.Build.0 = Release|Any CPU
	EndGlobalSection
	GlobalSection(SolutionProperties) = preSolution
		HideSolutionNode = FALSE
	EndGlobalSection
EndGlobal
